
Microsoft Visual Studio Solution File, Format Version 12.00
# Visual Studio Version 16
VisualStudioVersion = 16.0.30907.101
MinimumVisualStudioVersion = 10.0.40219.1
Project("{FAE04EC0-301F-11D3-BF4B-00C04F79EFBC}") = "WinFormsApp1", "WinFormsApp1\WinFormsApp1.csproj", "{8263BF4B-EDAD-4DBF-A687-97B7572951B6}"
EndProject
Project("{54435603-DBB4-11D2-8724-00A0C9A8B90C}") = "SetupWinFormApp1", "SetupWinFormApp1\SetupWinFormApp1.vdproj", "{39B0B2F6-6EB8-4734-80A1-2E7B32377AAE}"
EndProject
Global
	GlobalSection(SolutionConfigurationPlatforms) = preSolution
		Debug|Any CPU = Debug|Any CPU
		Release|Any CPU = Release|Any CPU
	EndGlobalSection
	GlobalSection(ProjectConfigurationPlatforms) = postSolution
		{8263BF4B-EDAD-4DBF-A687-97B7572951B6}.Debug|Any CPU.ActiveCfg = Debug|Any CPU
		{8263BF4B-EDAD-4DBF-A687-97B7572951B6}.Debug|Any CPU.Build.0 = Debug|Any CPU
		{8263BF4B-EDAD-4DBF-A687-97B7572951B6}.Release|Any CPU.ActiveCfg = Release|Any CPU
		{8263BF4B-EDAD-4DBF-A687-97B7572951B6}.Release|Any CPU.Build.0 = Release|Any CPU
		{39B0B2F6-6EB8-4734-80A1-2E7B32377AAE}.Debug|Any CPU.ActiveCfg = Debug
		{39B0B2F6-6EB8-4734-80A1-2E7B32377AAE}.Release|Any CPU.ActiveCfg = Release
	EndGlobalSection
	GlobalSection(SolutionProperties) = preSolution
		HideSolutionNode = FALSE
	EndGlobalSection
	GlobalSection(ExtensibilityGlobals) = postSolution
		SolutionGuid = {8E482AD7-59D3-44DC-B641-2C3E2AEA1DCD}
	EndGlobalSection
EndGlobal
